// !$*UTF8*$!
{
	archiveVersion = 1;
	classes = {
	};
	objectVersion = 56;
	objects = {

/* Begin PBXBuildFile section */
		2581349BF2E5421A187D1AF3 /* Pods_Sofascore.framework in Frameworks */ = {isa = PBXBuildFile; fileRef = B47CFA874F244F898D517AD8 /* Pods_Sofascore.framework */; };
		D28478CC29C3114F009DC72F /* SofascoreSans-MediumCondensed.ttf in Resources */ = {isa = PBXBuildFile; fileRef = D28478C629C3114F009DC72F /* SofascoreSans-MediumCondensed.ttf */; };
		D28478CD29C3114F009DC72F /* SofascoreSans-Medium.ttf in Resources */ = {isa = PBXBuildFile; fileRef = D28478C729C3114F009DC72F /* SofascoreSans-Medium.ttf */; };
		D28478CE29C3114F009DC72F /* SofascoreSans-RegularCondensed.ttf in Resources */ = {isa = PBXBuildFile; fileRef = D28478C829C3114F009DC72F /* SofascoreSans-RegularCondensed.ttf */; };
		D28478CF29C3114F009DC72F /* SofascoreSans-Bold.ttf in Resources */ = {isa = PBXBuildFile; fileRef = D28478C929C3114F009DC72F /* SofascoreSans-Bold.ttf */; };
		D28478D029C3114F009DC72F /* SofascoreSans-BoldCondensed.ttf in Resources */ = {isa = PBXBuildFile; fileRef = D28478CA29C3114F009DC72F /* SofascoreSans-BoldCondensed.ttf */; };
		D28478D129C3114F009DC72F /* SofascoreSans-Regular.ttf in Resources */ = {isa = PBXBuildFile; fileRef = D28478CB29C3114F009DC72F /* SofascoreSans-Regular.ttf */; };
		D28478DE29C32031009DC72F /* Localizable.strings in Resources */ = {isa = PBXBuildFile; fileRef = D28478E029C32031009DC72F /* Localizable.strings */; };
		D28478E529C326A0009DC72F /* String+Extensions.swift in Sources */ = {isa = PBXBuildFile; fileRef = D28478E429C326A0009DC72F /* String+Extensions.swift */; };
		D28478E829C328BE009DC72F /* LocalizableKey.swift in Sources */ = {isa = PBXBuildFile; fileRef = D28478E729C328BE009DC72F /* LocalizableKey.swift */; };
		D288311729B225D8007E6D3B /* AppDelegate.swift in Sources */ = {isa = PBXBuildFile; fileRef = D288311629B225D8007E6D3B /* AppDelegate.swift */; };
		D288311929B225D8007E6D3B /* SceneDelegate.swift in Sources */ = {isa = PBXBuildFile; fileRef = D288311829B225D8007E6D3B /* SceneDelegate.swift */; };
		D288311B29B225D8007E6D3B /* ViewController.swift in Sources */ = {isa = PBXBuildFile; fileRef = D288311A29B225D8007E6D3B /* ViewController.swift */; };
		D288311E29B225D8007E6D3B /* Main.storyboard in Resources */ = {isa = PBXBuildFile; fileRef = D288311C29B225D8007E6D3B /* Main.storyboard */; };
		D288312029B225E0007E6D3B /* Assets.xcassets in Resources */ = {isa = PBXBuildFile; fileRef = D288311F29B225E0007E6D3B /* Assets.xcassets */; };
		D288312329B225E0007E6D3B /* LaunchScreen.storyboard in Resources */ = {isa = PBXBuildFile; fileRef = D288312129B225E0007E6D3B /* LaunchScreen.storyboard */; };
		D2886B9C29C1C7800072C108 /* TabItemView.swift in Sources */ = {isa = PBXBuildFile; fileRef = D2886B9B29C1C7800072C108 /* TabItemView.swift */; };
		D2886B9E29C1D03C0072C108 /* TabView.swift in Sources */ = {isa = PBXBuildFile; fileRef = D2886B9D29C1D03C0072C108 /* TabView.swift */; };
		D2886BA029C1EA5D0072C108 /* ContainerView.swift in Sources */ = {isa = PBXBuildFile; fileRef = D2886B9F29C1EA5D0072C108 /* ContainerView.swift */; };
		D2887E3729C0D134003AAA5B /* UIButton+AttributesBuilder.swift in Sources */ = {isa = PBXBuildFile; fileRef = D2887E2E29C0D134003AAA5B /* UIButton+AttributesBuilder.swift */; };
		D2887E3829C0D134003AAA5B /* UIView+AttributesBuilder.swift in Sources */ = {isa = PBXBuildFile; fileRef = D2887E2F29C0D134003AAA5B /* UIView+AttributesBuilder.swift */; };
		D2887E3929C0D134003AAA5B /* UITextField+AttributesBuilder.swift in Sources */ = {isa = PBXBuildFile; fileRef = D2887E3029C0D134003AAA5B /* UITextField+AttributesBuilder.swift */; };
		D2887E3A29C0D134003AAA5B /* UIImageView+AttributesBuilder.swift in Sources */ = {isa = PBXBuildFile; fileRef = D2887E3129C0D134003AAA5B /* UIImageView+AttributesBuilder.swift */; };
		D2887E3B29C0D134003AAA5B /* UIText+ViewAttributesBuilder.swift in Sources */ = {isa = PBXBuildFile; fileRef = D2887E3229C0D134003AAA5B /* UIText+ViewAttributesBuilder.swift */; };
		D2887E3C29C0D134003AAA5B /* UIScrollView+AttributesBuilder.swift in Sources */ = {isa = PBXBuildFile; fileRef = D2887E3329C0D134003AAA5B /* UIScrollView+AttributesBuilder.swift */; };
		D2887E3D29C0D134003AAA5B /* UIStackView+AttributesBuilder.swift in Sources */ = {isa = PBXBuildFile; fileRef = D2887E3429C0D134003AAA5B /* UIStackView+AttributesBuilder.swift */; };
		D2887E3E29C0D134003AAA5B /* UILabel+AttributesBuilder.swift in Sources */ = {isa = PBXBuildFile; fileRef = D2887E3529C0D134003AAA5B /* UILabel+AttributesBuilder.swift */; };
		D2887E3F29C0D134003AAA5B /* CALayer+AttributesBuilder.swift in Sources */ = {isa = PBXBuildFile; fileRef = D2887E3629C0D134003AAA5B /* CALayer+AttributesBuilder.swift */; };
		D2887E4129C0E312003AAA5B /* UIImage+Assets.swift in Sources */ = {isa = PBXBuildFile; fileRef = D2887E4029C0E312003AAA5B /* UIImage+Assets.swift */; };
		D2887E4429C0F152003AAA5B /* UIColors+Styles.swift in Sources */ = {isa = PBXBuildFile; fileRef = D2887E4329C0F152003AAA5B /* UIColors+Styles.swift */; };
		D2887E4629C0F179003AAA5B /* UIFont+Styles.swift in Sources */ = {isa = PBXBuildFile; fileRef = D2887E4529C0F179003AAA5B /* UIFont+Styles.swift */; };
		D29BB50929C09ABA008C3178 /* HeaderView.swift in Sources */ = {isa = PBXBuildFile; fileRef = D29BB50829C09ABA008C3178 /* HeaderView.swift */; };
		D2D9A15A29C0A610001A8FC3 /* BaseView.swift in Sources */ = {isa = PBXBuildFile; fileRef = D2D9A15829C0A610001A8FC3 /* BaseView.swift */; };
		D2D9A15B29C0A610001A8FC3 /* BaseViewProtocol.swift in Sources */ = {isa = PBXBuildFile; fileRef = D2D9A15929C0A610001A8FC3 /* BaseViewProtocol.swift */; };
/* End PBXBuildFile section */

/* Begin PBXFileReference section */
		6073530C202A18566A1F3B8A /* Pods-Sofascore.debug.xcconfig */ = {isa = PBXFileReference; includeInIndex = 1; lastKnownFileType = text.xcconfig; name = "Pods-Sofascore.debug.xcconfig"; path = "Target Support Files/Pods-Sofascore/Pods-Sofascore.debug.xcconfig"; sourceTree = "<group>"; };
		634873A7C7DC2CA5E8B92EBB /* Pods-Sofascore.release.xcconfig */ = {isa = PBXFileReference; includeInIndex = 1; lastKnownFileType = text.xcconfig; name = "Pods-Sofascore.release.xcconfig"; path = "Target Support Files/Pods-Sofascore/Pods-Sofascore.release.xcconfig"; sourceTree = "<group>"; };
		B47CFA874F244F898D517AD8 /* Pods_Sofascore.framework */ = {isa = PBXFileReference; explicitFileType = wrapper.framework; includeInIndex = 0; path = Pods_Sofascore.framework; sourceTree = BUILT_PRODUCTS_DIR; };
		D28478C629C3114F009DC72F /* SofascoreSans-MediumCondensed.ttf */ = {isa = PBXFileReference; lastKnownFileType = file; path = "SofascoreSans-MediumCondensed.ttf"; sourceTree = "<group>"; };
		D28478C729C3114F009DC72F /* SofascoreSans-Medium.ttf */ = {isa = PBXFileReference; lastKnownFileType = file; path = "SofascoreSans-Medium.ttf"; sourceTree = "<group>"; };
		D28478C829C3114F009DC72F /* SofascoreSans-RegularCondensed.ttf */ = {isa = PBXFileReference; lastKnownFileType = file; path = "SofascoreSans-RegularCondensed.ttf"; sourceTree = "<group>"; };
		D28478C929C3114F009DC72F /* SofascoreSans-Bold.ttf */ = {isa = PBXFileReference; lastKnownFileType = file; path = "SofascoreSans-Bold.ttf"; sourceTree = "<group>"; };
		D28478CA29C3114F009DC72F /* SofascoreSans-BoldCondensed.ttf */ = {isa = PBXFileReference; lastKnownFileType = file; path = "SofascoreSans-BoldCondensed.ttf"; sourceTree = "<group>"; };
		D28478CB29C3114F009DC72F /* SofascoreSans-Regular.ttf */ = {isa = PBXFileReference; lastKnownFileType = file; path = "SofascoreSans-Regular.ttf"; sourceTree = "<group>"; };
		D28478DF29C32031009DC72F /* en */ = {isa = PBXFileReference; lastKnownFileType = text.plist.strings; name = en; path = en.lproj/Localizable.strings; sourceTree = "<group>"; };
		D28478E129C320EE009DC72F /* hr */ = {isa = PBXFileReference; lastKnownFileType = text.plist.strings; name = hr; path = hr.lproj/Main.strings; sourceTree = "<group>"; };
		D28478E229C320EE009DC72F /* hr */ = {isa = PBXFileReference; lastKnownFileType = text.plist.strings; name = hr; path = hr.lproj/LaunchScreen.strings; sourceTree = "<group>"; };
		D28478E329C320EE009DC72F /* hr */ = {isa = PBXFileReference; lastKnownFileType = text.plist.strings; name = hr; path = hr.lproj/Localizable.strings; sourceTree = "<group>"; };
		D28478E429C326A0009DC72F /* String+Extensions.swift */ = {isa = PBXFileReference; lastKnownFileType = sourcecode.swift; path = "String+Extensions.swift"; sourceTree = "<group>"; };
		D28478E729C328BE009DC72F /* LocalizableKey.swift */ = {isa = PBXFileReference; lastKnownFileType = sourcecode.swift; path = LocalizableKey.swift; sourceTree = "<group>"; };
		D288311329B225D8007E6D3B /* Sofascore.app */ = {isa = PBXFileReference; explicitFileType = wrapper.application; includeInIndex = 0; path = Sofascore.app; sourceTree = BUILT_PRODUCTS_DIR; };
		D288311629B225D8007E6D3B /* AppDelegate.swift */ = {isa = PBXFileReference; lastKnownFileType = sourcecode.swift; path = AppDelegate.swift; sourceTree = "<group>"; };
		D288311829B225D8007E6D3B /* SceneDelegate.swift */ = {isa = PBXFileReference; lastKnownFileType = sourcecode.swift; path = SceneDelegate.swift; sourceTree = "<group>"; };
		D288311A29B225D8007E6D3B /* ViewController.swift */ = {isa = PBXFileReference; lastKnownFileType = sourcecode.swift; path = ViewController.swift; sourceTree = "<group>"; };
		D288311D29B225D8007E6D3B /* Base */ = {isa = PBXFileReference; lastKnownFileType = file.storyboard; name = Base; path = Base.lproj/Main.storyboard; sourceTree = "<group>"; };
		D288311F29B225E0007E6D3B /* Assets.xcassets */ = {isa = PBXFileReference; lastKnownFileType = folder.assetcatalog; path = Assets.xcassets; sourceTree = "<group>"; };
		D288312229B225E0007E6D3B /* Base */ = {isa = PBXFileReference; lastKnownFileType = file.storyboard; name = Base; path = Base.lproj/LaunchScreen.storyboard; sourceTree = "<group>"; };
		D288312429B225E0007E6D3B /* Info.plist */ = {isa = PBXFileReference; lastKnownFileType = text.plist.xml; path = Info.plist; sourceTree = "<group>"; };
		D2886B9B29C1C7800072C108 /* TabItemView.swift */ = {isa = PBXFileReference; lastKnownFileType = sourcecode.swift; path = TabItemView.swift; sourceTree = "<group>"; };
		D2886B9D29C1D03C0072C108 /* TabView.swift */ = {isa = PBXFileReference; lastKnownFileType = sourcecode.swift; path = TabView.swift; sourceTree = "<group>"; };
		D2886B9F29C1EA5D0072C108 /* ContainerView.swift */ = {isa = PBXFileReference; lastKnownFileType = sourcecode.swift; path = ContainerView.swift; sourceTree = "<group>"; };
		D2887E2E29C0D134003AAA5B /* UIButton+AttributesBuilder.swift */ = {isa = PBXFileReference; fileEncoding = 4; lastKnownFileType = sourcecode.swift; path = "UIButton+AttributesBuilder.swift"; sourceTree = "<group>"; };
		D2887E2F29C0D134003AAA5B /* UIView+AttributesBuilder.swift */ = {isa = PBXFileReference; fileEncoding = 4; lastKnownFileType = sourcecode.swift; path = "UIView+AttributesBuilder.swift"; sourceTree = "<group>"; };
		D2887E3029C0D134003AAA5B /* UITextField+AttributesBuilder.swift */ = {isa = PBXFileReference; fileEncoding = 4; lastKnownFileType = sourcecode.swift; path = "UITextField+AttributesBuilder.swift"; sourceTree = "<group>"; };
		D2887E3129C0D134003AAA5B /* UIImageView+AttributesBuilder.swift */ = {isa = PBXFileReference; fileEncoding = 4; lastKnownFileType = sourcecode.swift; path = "UIImageView+AttributesBuilder.swift"; sourceTree = "<group>"; };
		D2887E3229C0D134003AAA5B /* UIText+ViewAttributesBuilder.swift */ = {isa = PBXFileReference; fileEncoding = 4; lastKnownFileType = sourcecode.swift; path = "UIText+ViewAttributesBuilder.swift"; sourceTree = "<group>"; };
		D2887E3329C0D134003AAA5B /* UIScrollView+AttributesBuilder.swift */ = {isa = PBXFileReference; fileEncoding = 4; lastKnownFileType = sourcecode.swift; path = "UIScrollView+AttributesBuilder.swift"; sourceTree = "<group>"; };
		D2887E3429C0D134003AAA5B /* UIStackView+AttributesBuilder.swift */ = {isa = PBXFileReference; fileEncoding = 4; lastKnownFileType = sourcecode.swift; path = "UIStackView+AttributesBuilder.swift"; sourceTree = "<group>"; };
		D2887E3529C0D134003AAA5B /* UILabel+AttributesBuilder.swift */ = {isa = PBXFileReference; fileEncoding = 4; lastKnownFileType = sourcecode.swift; path = "UILabel+AttributesBuilder.swift"; sourceTree = "<group>"; };
		D2887E3629C0D134003AAA5B /* CALayer+AttributesBuilder.swift */ = {isa = PBXFileReference; fileEncoding = 4; lastKnownFileType = sourcecode.swift; path = "CALayer+AttributesBuilder.swift"; sourceTree = "<group>"; };
		D2887E4029C0E312003AAA5B /* UIImage+Assets.swift */ = {isa = PBXFileReference; lastKnownFileType = sourcecode.swift; path = "UIImage+Assets.swift"; sourceTree = "<group>"; };
		D2887E4329C0F152003AAA5B /* UIColors+Styles.swift */ = {isa = PBXFileReference; lastKnownFileType = sourcecode.swift; path = "UIColors+Styles.swift"; sourceTree = "<group>"; };
		D2887E4529C0F179003AAA5B /* UIFont+Styles.swift */ = {isa = PBXFileReference; lastKnownFileType = sourcecode.swift; path = "UIFont+Styles.swift"; sourceTree = "<group>"; };
		D29BB50829C09ABA008C3178 /* HeaderView.swift */ = {isa = PBXFileReference; lastKnownFileType = sourcecode.swift; path = HeaderView.swift; sourceTree = "<group>"; };
		D2D9A15829C0A610001A8FC3 /* BaseView.swift */ = {isa = PBXFileReference; fileEncoding = 4; lastKnownFileType = sourcecode.swift; path = BaseView.swift; sourceTree = "<group>"; };
		D2D9A15929C0A610001A8FC3 /* BaseViewProtocol.swift */ = {isa = PBXFileReference; fileEncoding = 4; lastKnownFileType = sourcecode.swift; path = BaseViewProtocol.swift; sourceTree = "<group>"; };
/* End PBXFileReference section */

/* Begin PBXFrameworksBuildPhase section */
		D288311029B225D8007E6D3B /* Frameworks */ = {
			isa = PBXFrameworksBuildPhase;
			buildActionMask = 2147483647;
			files = (
				2581349BF2E5421A187D1AF3 /* Pods_Sofascore.framework in Frameworks */,
			);
			runOnlyForDeploymentPostprocessing = 0;
		};
/* End PBXFrameworksBuildPhase section */

/* Begin PBXGroup section */
		0A13672DC3BC99B3A4CD8993 /* Pods */ = {
			isa = PBXGroup;
			children = (
				6073530C202A18566A1F3B8A /* Pods-Sofascore.debug.xcconfig */,
				634873A7C7DC2CA5E8B92EBB /* Pods-Sofascore.release.xcconfig */,
			);
			path = Pods;
			sourceTree = "<group>";
		};
		453454F42BC2278EFB033456 /* Frameworks */ = {
			isa = PBXGroup;
			children = (
				B47CFA874F244F898D517AD8 /* Pods_Sofascore.framework */,
			);
			name = Frameworks;
			sourceTree = "<group>";
		};
		D28478E629C32886009DC72F /* Localization */ = {
			isa = PBXGroup;
			children = (
				D28478E029C32031009DC72F /* Localizable.strings */,
				D28478E729C328BE009DC72F /* LocalizableKey.swift */,
			);
			path = Localization;
			sourceTree = "<group>";
		};
		D288310A29B225D8007E6D3B = {
			isa = PBXGroup;
			children = (
				D288311529B225D8007E6D3B /* Sofascore */,
				D288311429B225D8007E6D3B /* Products */,
				0A13672DC3BC99B3A4CD8993 /* Pods */,
				453454F42BC2278EFB033456 /* Frameworks */,
			);
			sourceTree = "<group>";
		};
		D288311429B225D8007E6D3B /* Products */ = {
			isa = PBXGroup;
			children = (
				D288311329B225D8007E6D3B /* Sofascore.app */,
			);
			name = Products;
			sourceTree = "<group>";
		};
		D288311529B225D8007E6D3B /* Sofascore */ = {
			isa = PBXGroup;
			children = (
				D28478E629C32886009DC72F /* Localization */,
				D288311F29B225E0007E6D3B /* Assets.xcassets */,
				D288312429B225E0007E6D3B /* Info.plist */,
				D288311C29B225D8007E6D3B /* Main.storyboard */,
				D29BB50629C098C8008C3178 /* BaseView */,
				D29BB50429C098A4008C3178 /* Supporting */,
				D288311629B225D8007E6D3B /* AppDelegate.swift */,
				D288311829B225D8007E6D3B /* SceneDelegate.swift */,
				D288311A29B225D8007E6D3B /* ViewController.swift */,
				D288312129B225E0007E6D3B /* LaunchScreen.storyboard */,
				D29BB50729C098D5008C3178 /* Views */,
			);
			path = Sofascore;
			sourceTree = "<group>";
		};
		D2887E1829C0CEE1003AAA5B /* Fonts */ = {
			isa = PBXGroup;
			children = (
				D28478C929C3114F009DC72F /* SofascoreSans-Bold.ttf */,
				D28478CA29C3114F009DC72F /* SofascoreSans-BoldCondensed.ttf */,
				D28478C729C3114F009DC72F /* SofascoreSans-Medium.ttf */,
				D28478C629C3114F009DC72F /* SofascoreSans-MediumCondensed.ttf */,
				D28478CB29C3114F009DC72F /* SofascoreSans-Regular.ttf */,
				D28478C829C3114F009DC72F /* SofascoreSans-RegularCondensed.ttf */,
			);
			path = Fonts;
			sourceTree = "<group>";
		};
		D2887E2D29C0D0FF003AAA5B /* AttributesBuilder */ = {
			isa = PBXGroup;
			children = (
				D2887E3629C0D134003AAA5B /* CALayer+AttributesBuilder.swift */,
				D2887E2E29C0D134003AAA5B /* UIButton+AttributesBuilder.swift */,
				D2887E3129C0D134003AAA5B /* UIImageView+AttributesBuilder.swift */,
				D2887E3529C0D134003AAA5B /* UILabel+AttributesBuilder.swift */,
				D2887E3329C0D134003AAA5B /* UIScrollView+AttributesBuilder.swift */,
				D2887E3429C0D134003AAA5B /* UIStackView+AttributesBuilder.swift */,
				D2887E3229C0D134003AAA5B /* UIText+ViewAttributesBuilder.swift */,
				D2887E3029C0D134003AAA5B /* UITextField+AttributesBuilder.swift */,
				D2887E2F29C0D134003AAA5B /* UIView+AttributesBuilder.swift */,
			);
			path = AttributesBuilder;
			sourceTree = "<group>";
		};
		D29BB50429C098A4008C3178 /* Supporting */ = {
			isa = PBXGroup;
			children = (
				D2887E4029C0E312003AAA5B /* UIImage+Assets.swift */,
				D2887E4329C0F152003AAA5B /* UIColors+Styles.swift */,
				D2887E4529C0F179003AAA5B /* UIFont+Styles.swift */,
				D28478E429C326A0009DC72F /* String+Extensions.swift */,
				D2887E2D29C0D0FF003AAA5B /* AttributesBuilder */,
				D2887E1829C0CEE1003AAA5B /* Fonts */,
			);
			path = Supporting;
			sourceTree = "<group>";
		};
		D29BB50629C098C8008C3178 /* BaseView */ = {
			isa = PBXGroup;
			children = (
				D2D9A15829C0A610001A8FC3 /* BaseView.swift */,
				D2D9A15929C0A610001A8FC3 /* BaseViewProtocol.swift */,
			);
			path = BaseView;
			sourceTree = "<group>";
		};
		D29BB50729C098D5008C3178 /* Views */ = {
			isa = PBXGroup;
			children = (
				D29BB50829C09ABA008C3178 /* HeaderView.swift */,
				D2886B9B29C1C7800072C108 /* TabItemView.swift */,
				D2886B9D29C1D03C0072C108 /* TabView.swift */,
				D2886B9F29C1EA5D0072C108 /* ContainerView.swift */,
			);
			path = Views;
			sourceTree = "<group>";
		};
/* End PBXGroup section */

/* Begin PBXNativeTarget section */
		D288311229B225D8007E6D3B /* Sofascore */ = {
			isa = PBXNativeTarget;
			buildConfigurationList = D288312729B225E0007E6D3B /* Build configuration list for PBXNativeTarget "Sofascore" */;
			buildPhases = (
				2C4C07E8358961DCE48D9720 /* [CP] Check Pods Manifest.lock */,
				D2D9A15C29C0AAA5001A8FC3 /* SwiftLint */,
				D288310F29B225D8007E6D3B /* Sources */,
				D288311029B225D8007E6D3B /* Frameworks */,
				D288311129B225D8007E6D3B /* Resources */,
				DDBA7B5B62E505A1AAB66F29 /* [CP] Embed Pods Frameworks */,
			);
			buildRules = (
			);
			dependencies = (
			);
			name = Sofascore;
			productName = Sofascore;
			productReference = D288311329B225D8007E6D3B /* Sofascore.app */;
			productType = "com.apple.product-type.application";
		};
/* End PBXNativeTarget section */

/* Begin PBXProject section */
		D288310B29B225D8007E6D3B /* Project object */ = {
			isa = PBXProject;
			attributes = {
				BuildIndependentTargetsInParallel = 1;
				LastSwiftUpdateCheck = 1420;
				LastUpgradeCheck = 1420;
				TargetAttributes = {
					D288311229B225D8007E6D3B = {
						CreatedOnToolsVersion = 14.2;
					};
				};
			};
			buildConfigurationList = D288310E29B225D8007E6D3B /* Build configuration list for PBXProject "Sofascore" */;
			compatibilityVersion = "Xcode 14.0";
			developmentRegion = en;
			hasScannedForEncodings = 0;
			knownRegions = (
				en,
				Base,
				hr,
			);
			mainGroup = D288310A29B225D8007E6D3B;
			productRefGroup = D288311429B225D8007E6D3B /* Products */;
			projectDirPath = "";
			projectRoot = "";
			targets = (
				D288311229B225D8007E6D3B /* Sofascore */,
			);
		};
/* End PBXProject section */

/* Begin PBXResourcesBuildPhase section */
		D288311129B225D8007E6D3B /* Resources */ = {
			isa = PBXResourcesBuildPhase;
			buildActionMask = 2147483647;
			files = (
				D28478D129C3114F009DC72F /* SofascoreSans-Regular.ttf in Resources */,
				D288312329B225E0007E6D3B /* LaunchScreen.storyboard in Resources */,
				D28478CF29C3114F009DC72F /* SofascoreSans-Bold.ttf in Resources */,
				D28478CD29C3114F009DC72F /* SofascoreSans-Medium.ttf in Resources */,
				D28478CC29C3114F009DC72F /* SofascoreSans-MediumCondensed.ttf in Resources */,
				D28478DE29C32031009DC72F /* Localizable.strings in Resources */,
				D28478D029C3114F009DC72F /* SofascoreSans-BoldCondensed.ttf in Resources */,
				D288312029B225E0007E6D3B /* Assets.xcassets in Resources */,
				D28478CE29C3114F009DC72F /* SofascoreSans-RegularCondensed.ttf in Resources */,
				D288311E29B225D8007E6D3B /* Main.storyboard in Resources */,
			);
			runOnlyForDeploymentPostprocessing = 0;
		};
/* End PBXResourcesBuildPhase section */

/* Begin PBXShellScriptBuildPhase section */
		2C4C07E8358961DCE48D9720 /* [CP] Check Pods Manifest.lock */ = {
			isa = PBXShellScriptBuildPhase;
			buildActionMask = 2147483647;
			files = (
			);
			inputFileListPaths = (
			);
			inputPaths = (
				"${PODS_PODFILE_DIR_PATH}/Podfile.lock",
				"${PODS_ROOT}/Manifest.lock",
			);
			name = "[CP] Check Pods Manifest.lock";
			outputFileListPaths = (
			);
			outputPaths = (
				"$(DERIVED_FILE_DIR)/Pods-Sofascore-checkManifestLockResult.txt",
			);
			runOnlyForDeploymentPostprocessing = 0;
			shellPath = /bin/sh;
			shellScript = "diff \"${PODS_PODFILE_DIR_PATH}/Podfile.lock\" \"${PODS_ROOT}/Manifest.lock\" > /dev/null\nif [ $? != 0 ] ; then\n    # print error to STDERR\n    echo \"error: The sandbox is not in sync with the Podfile.lock. Run 'pod install' or update your CocoaPods installation.\" >&2\n    exit 1\nfi\n# This output is used by Xcode 'outputs' to avoid re-running this script phase.\necho \"SUCCESS\" > \"${SCRIPT_OUTPUT_FILE_0}\"\n";
			showEnvVarsInLog = 0;
		};
		D2D9A15C29C0AAA5001A8FC3 /* SwiftLint */ = {
			isa = PBXShellScriptBuildPhase;
			buildActionMask = 2147483647;
			files = (
			);
			inputFileListPaths = (
			);
			inputPaths = (
			);
			name = SwiftLint;
			outputFileListPaths = (
			);
			outputPaths = (
			);
			runOnlyForDeploymentPostprocessing = 0;
			shellPath = /bin/sh;
			shellScript = "${PODS_ROOT}/SwiftLint/swiftlint\n";
		};
		DDBA7B5B62E505A1AAB66F29 /* [CP] Embed Pods Frameworks */ = {
			isa = PBXShellScriptBuildPhase;
			buildActionMask = 2147483647;
			files = (
			);
			inputFileListPaths = (
				"${PODS_ROOT}/Target Support Files/Pods-Sofascore/Pods-Sofascore-frameworks-${CONFIGURATION}-input-files.xcfilelist",
			);
			name = "[CP] Embed Pods Frameworks";
			outputFileListPaths = (
				"${PODS_ROOT}/Target Support Files/Pods-Sofascore/Pods-Sofascore-frameworks-${CONFIGURATION}-output-files.xcfilelist",
			);
			runOnlyForDeploymentPostprocessing = 0;
			shellPath = /bin/sh;
			shellScript = "\"${PODS_ROOT}/Target Support Files/Pods-Sofascore/Pods-Sofascore-frameworks.sh\"\n";
			showEnvVarsInLog = 0;
		};
/* End PBXShellScriptBuildPhase section */

/* Begin PBXSourcesBuildPhase section */
		D288310F29B225D8007E6D3B /* Sources */ = {
			isa = PBXSourcesBuildPhase;
			buildActionMask = 2147483647;
			files = (
				D288311B29B225D8007E6D3B /* ViewController.swift in Sources */,
				D2887E3E29C0D134003AAA5B /* UILabel+AttributesBuilder.swift in Sources */,
				D2887E4629C0F179003AAA5B /* UIFont+Styles.swift in Sources */,
				D288311729B225D8007E6D3B /* AppDelegate.swift in Sources */,
				D2887E4429C0F152003AAA5B /* UIColors+Styles.swift in Sources */,
				D2886BA029C1EA5D0072C108 /* ContainerView.swift in Sources */,
				D2886B9C29C1C7800072C108 /* TabItemView.swift in Sources */,
				D2D9A15A29C0A610001A8FC3 /* BaseView.swift in Sources */,
				D2887E3829C0D134003AAA5B /* UIView+AttributesBuilder.swift in Sources */,
				D288311929B225D8007E6D3B /* SceneDelegate.swift in Sources */,
				D2887E3B29C0D134003AAA5B /* UIText+ViewAttributesBuilder.swift in Sources */,
				D2886B9E29C1D03C0072C108 /* TabView.swift in Sources */,
				D28478E529C326A0009DC72F /* String+Extensions.swift in Sources */,
				D2887E3729C0D134003AAA5B /* UIButton+AttributesBuilder.swift in Sources */,
				D28478E829C328BE009DC72F /* LocalizableKey.swift in Sources */,
				D2887E3929C0D134003AAA5B /* UITextField+AttributesBuilder.swift in Sources */,
				D2887E3C29C0D134003AAA5B /* UIScrollView+AttributesBuilder.swift in Sources */,
				D2887E3A29C0D134003AAA5B /* UIImageView+AttributesBuilder.swift in Sources */,
				D2887E3D29C0D134003AAA5B /* UIStackView+AttributesBuilder.swift in Sources */,
				D29BB50929C09ABA008C3178 /* HeaderView.swift in Sources */,
				D2887E3F29C0D134003AAA5B /* CALayer+AttributesBuilder.swift in Sources */,
				D2887E4129C0E312003AAA5B /* UIImage+Assets.swift in Sources */,
				D2D9A15B29C0A610001A8FC3 /* BaseViewProtocol.swift in Sources */,
			);
			runOnlyForDeploymentPostprocessing = 0;
		};
/* End PBXSourcesBuildPhase section */

/* Begin PBXVariantGroup section */
		D28478E029C32031009DC72F /* Localizable.strings */ = {
			isa = PBXVariantGroup;
			children = (
				D28478DF29C32031009DC72F /* en */,
				D28478E329C320EE009DC72F /* hr */,
			);
			name = Localizable.strings;
			sourceTree = "<group>";
		};
		D288311C29B225D8007E6D3B /* Main.storyboard */ = {
			isa = PBXVariantGroup;
			children = (
				D288311D29B225D8007E6D3B /* Base */,
				D28478E129C320EE009DC72F /* hr */,
			);
			name = Main.storyboard;
			sourceTree = "<group>";
		};
		D288312129B225E0007E6D3B /* LaunchScreen.storyboard */ = {
			isa = PBXVariantGroup;
			children = (
				D288312229B225E0007E6D3B /* Base */,
				D28478E229C320EE009DC72F /* hr */,
			);
			name = LaunchScreen.storyboard;
			sourceTree = "<group>";
		};
/* End PBXVariantGroup section */

/* Begin XCBuildConfiguration section */
		D288312529B225E0007E6D3B /* Debug */ = {
			isa = XCBuildConfiguration;
			buildSettings = {
				ALWAYS_SEARCH_USER_PATHS = NO;
				CLANG_ANALYZER_LOCALIZABILITY_NONLOCALIZED = YES;
				CLANG_ANALYZER_NONNULL = YES;
				CLANG_ANALYZER_NUMBER_OBJECT_CONVERSION = YES_AGGRESSIVE;
				CLANG_CXX_LANGUAGE_STANDARD = "gnu++20";
				CLANG_ENABLE_MODULES = YES;
				CLANG_ENABLE_OBJC_ARC = YES;
				CLANG_ENABLE_OBJC_WEAK = YES;
				CLANG_WARN_BLOCK_CAPTURE_AUTORELEASING = YES;
				CLANG_WARN_BOOL_CONVERSION = YES;
				CLANG_WARN_COMMA = YES;
				CLANG_WARN_CONSTANT_CONVERSION = YES;
				CLANG_WARN_DEPRECATED_OBJC_IMPLEMENTATIONS = YES;
				CLANG_WARN_DIRECT_OBJC_ISA_USAGE = YES_ERROR;
				CLANG_WARN_DOCUMENTATION_COMMENTS = YES;
				CLANG_WARN_EMPTY_BODY = YES;
				CLANG_WARN_ENUM_CONVERSION = YES;
				CLANG_WARN_INFINITE_RECURSION = YES;
				CLANG_WARN_INT_CONVERSION = YES;
				CLANG_WARN_NON_LITERAL_NULL_CONVERSION = YES;
				CLANG_WARN_OBJC_IMPLICIT_RETAIN_SELF = YES;
				CLANG_WARN_OBJC_LITERAL_CONVERSION = YES;
				CLANG_WARN_OBJC_ROOT_CLASS = YES_ERROR;
				CLANG_WARN_QUOTED_INCLUDE_IN_FRAMEWORK_HEADER = YES;
				CLANG_WARN_RANGE_LOOP_ANALYSIS = YES;
				CLANG_WARN_STRICT_PROTOTYPES = YES;
				CLANG_WARN_SUSPICIOUS_MOVE = YES;
				CLANG_WARN_UNGUARDED_AVAILABILITY = YES_AGGRESSIVE;
				CLANG_WARN_UNREACHABLE_CODE = YES;
				CLANG_WARN__DUPLICATE_METHOD_MATCH = YES;
				COPY_PHASE_STRIP = NO;
				DEBUG_INFORMATION_FORMAT = dwarf;
				ENABLE_STRICT_OBJC_MSGSEND = YES;
				ENABLE_TESTABILITY = YES;
				GCC_C_LANGUAGE_STANDARD = gnu11;
				GCC_DYNAMIC_NO_PIC = NO;
				GCC_NO_COMMON_BLOCKS = YES;
				GCC_OPTIMIZATION_LEVEL = 0;
				GCC_PREPROCESSOR_DEFINITIONS = (
					"DEBUG=1",
					"$(inherited)",
				);
				GCC_WARN_64_TO_32_BIT_CONVERSION = YES;
				GCC_WARN_ABOUT_RETURN_TYPE = YES_ERROR;
				GCC_WARN_UNDECLARED_SELECTOR = YES;
				GCC_WARN_UNINITIALIZED_AUTOS = YES_AGGRESSIVE;
				GCC_WARN_UNUSED_FUNCTION = YES;
				GCC_WARN_UNUSED_VARIABLE = YES;
				IPHONEOS_DEPLOYMENT_TARGET = 16.2;
				MTL_ENABLE_DEBUG_INFO = INCLUDE_SOURCE;
				MTL_FAST_MATH = YES;
				ONLY_ACTIVE_ARCH = YES;
				SDKROOT = iphoneos;
				SWIFT_ACTIVE_COMPILATION_CONDITIONS = DEBUG;
				SWIFT_OPTIMIZATION_LEVEL = "-Onone";
			};
			name = Debug;
		};
		D288312629B225E0007E6D3B /* Release */ = {
			isa = XCBuildConfiguration;
			buildSettings = {
				ALWAYS_SEARCH_USER_PATHS = NO;
				CLANG_ANALYZER_LOCALIZABILITY_NONLOCALIZED = YES;
				CLANG_ANALYZER_NONNULL = YES;
				CLANG_ANALYZER_NUMBER_OBJECT_CONVERSION = YES_AGGRESSIVE;
				CLANG_CXX_LANGUAGE_STANDARD = "gnu++20";
				CLANG_ENABLE_MODULES = YES;
				CLANG_ENABLE_OBJC_ARC = YES;
				CLANG_ENABLE_OBJC_WEAK = YES;
				CLANG_WARN_BLOCK_CAPTURE_AUTORELEASING = YES;
				CLANG_WARN_BOOL_CONVERSION = YES;
				CLANG_WARN_COMMA = YES;
				CLANG_WARN_CONSTANT_CONVERSION = YES;
				CLANG_WARN_DEPRECATED_OBJC_IMPLEMENTATIONS = YES;
				CLANG_WARN_DIRECT_OBJC_ISA_USAGE = YES_ERROR;
				CLANG_WARN_DOCUMENTATION_COMMENTS = YES;
				CLANG_WARN_EMPTY_BODY = YES;
				CLANG_WARN_ENUM_CONVERSION = YES;
				CLANG_WARN_INFINITE_RECURSION = YES;
				CLANG_WARN_INT_CONVERSION = YES;
				CLANG_WARN_NON_LITERAL_NULL_CONVERSION = YES;
				CLANG_WARN_OBJC_IMPLICIT_RETAIN_SELF = YES;
				CLANG_WARN_OBJC_LITERAL_CONVERSION = YES;
				CLANG_WARN_OBJC_ROOT_CLASS = YES_ERROR;
				CLANG_WARN_QUOTED_INCLUDE_IN_FRAMEWORK_HEADER = YES;
				CLANG_WARN_RANGE_LOOP_ANALYSIS = YES;
				CLANG_WARN_STRICT_PROTOTYPES = YES;
				CLANG_WARN_SUSPICIOUS_MOVE = YES;
				CLANG_WARN_UNGUARDED_AVAILABILITY = YES_AGGRESSIVE;
				CLANG_WARN_UNREACHABLE_CODE = YES;
				CLANG_WARN__DUPLICATE_METHOD_MATCH = YES;
				COPY_PHASE_STRIP = NO;
				DEBUG_INFORMATION_FORMAT = "dwarf-with-dsym";
				ENABLE_NS_ASSERTIONS = NO;
				ENABLE_STRICT_OBJC_MSGSEND = YES;
				GCC_C_LANGUAGE_STANDARD = gnu11;
				GCC_NO_COMMON_BLOCKS = YES;
				GCC_WARN_64_TO_32_BIT_CONVERSION = YES;
				GCC_WARN_ABOUT_RETURN_TYPE = YES_ERROR;
				GCC_WARN_UNDECLARED_SELECTOR = YES;
				GCC_WARN_UNINITIALIZED_AUTOS = YES_AGGRESSIVE;
				GCC_WARN_UNUSED_FUNCTION = YES;
				GCC_WARN_UNUSED_VARIABLE = YES;
				IPHONEOS_DEPLOYMENT_TARGET = 16.2;
				MTL_ENABLE_DEBUG_INFO = NO;
				MTL_FAST_MATH = YES;
				SDKROOT = iphoneos;
				SWIFT_COMPILATION_MODE = wholemodule;
				SWIFT_OPTIMIZATION_LEVEL = "-O";
				VALIDATE_PRODUCT = YES;
			};
			name = Release;
		};
		D288312829B225E0007E6D3B /* Debug */ = {
			isa = XCBuildConfiguration;
			baseConfigurationReference = 6073530C202A18566A1F3B8A /* Pods-Sofascore.debug.xcconfig */;
			buildSettings = {
				ASSETCATALOG_COMPILER_APPICON_NAME = AppIcon;
				ASSETCATALOG_COMPILER_GLOBAL_ACCENT_COLOR_NAME = AccentColor;
				CODE_SIGN_STYLE = Automatic;
				CURRENT_PROJECT_VERSION = 1;
				GENERATE_INFOPLIST_FILE = YES;
				INFOPLIST_FILE = Sofascore/Info.plist;
				INFOPLIST_KEY_UIApplicationSupportsIndirectInputEvents = YES;
				INFOPLIST_KEY_UILaunchStoryboardName = LaunchScreen;
				INFOPLIST_KEY_UIMainStoryboardFile = Main;
				INFOPLIST_KEY_UISupportedInterfaceOrientations = UIInterfaceOrientationPortrait;
				INFOPLIST_KEY_UISupportedInterfaceOrientations_iPad = "UIInterfaceOrientationLandscapeLeft UIInterfaceOrientationLandscapeRight UIInterfaceOrientationPortrait UIInterfaceOrientationPortraitUpsideDown";
				LD_RUNPATH_SEARCH_PATHS = (
					"$(inherited)",
					"@executable_path/Frameworks",
				);
				MARKETING_VERSION = 1.0;
				PRODUCT_BUNDLE_IDENTIFIER = com.sofascore.academy.Sofascore;
				PRODUCT_NAME = "$(TARGET_NAME)";
				SWIFT_EMIT_LOC_STRINGS = YES;
				SWIFT_VERSION = 5.0;
				TARGETED_DEVICE_FAMILY = "1,2";
			};
			name = Debug;
		};
		D288312929B225E0007E6D3B /* Release */ = {
			isa = XCBuildConfiguration;
			baseConfigurationReference = 634873A7C7DC2CA5E8B92EBB /* Pods-Sofascore.release.xcconfig */;
			buildSettings = {
				ASSETCATALOG_COMPILER_APPICON_NAME = AppIcon;
				ASSETCATALOG_COMPILER_GLOBAL_ACCENT_COLOR_NAME = AccentColor;
				CODE_SIGN_STYLE = Automatic;
				CURRENT_PROJECT_VERSION = 1;
				GENERATE_INFOPLIST_FILE = YES;
				INFOPLIST_FILE = Sofascore/Info.plist;
				INFOPLIST_KEY_UIApplicationSupportsIndirectInputEvents = YES;
				INFOPLIST_KEY_UILaunchStoryboardName = LaunchScreen;
				INFOPLIST_KEY_UIMainStoryboardFile = Main;
				INFOPLIST_KEY_UISupportedInterfaceOrientations = UIInterfaceOrientationPortrait;
				INFOPLIST_KEY_UISupportedInterfaceOrientations_iPad = "UIInterfaceOrientationLandscapeLeft UIInterfaceOrientationLandscapeRight UIInterfaceOrientationPortrait UIInterfaceOrientationPortraitUpsideDown";
				LD_RUNPATH_SEARCH_PATHS = (
					"$(inherited)",
					"@executable_path/Frameworks",
				);
				MARKETING_VERSION = 1.0;
				PRODUCT_BUNDLE_IDENTIFIER = com.sofascore.academy.Sofascore;
				PRODUCT_NAME = "$(TARGET_NAME)";
				SWIFT_EMIT_LOC_STRINGS = YES;
				SWIFT_VERSION = 5.0;
				TARGETED_DEVICE_FAMILY = "1,2";
			};
			name = Release;
		};
/* End XCBuildConfiguration section */

/* Begin XCConfigurationList section */
		D288310E29B225D8007E6D3B /* Build configuration list for PBXProject "Sofascore" */ = {
			isa = XCConfigurationList;
			buildConfigurations = (
				D288312529B225E0007E6D3B /* Debug */,
				D288312629B225E0007E6D3B /* Release */,
			);
			defaultConfigurationIsVisible = 0;
			defaultConfigurationName = Release;
		};
		D288312729B225E0007E6D3B /* Build configuration list for PBXNativeTarget "Sofascore" */ = {
			isa = XCConfigurationList;
			buildConfigurations = (
				D288312829B225E0007E6D3B /* Debug */,
				D288312929B225E0007E6D3B /* Release */,
			);
			defaultConfigurationIsVisible = 0;
			defaultConfigurationName = Release;
		};
/* End XCConfigurationList section */
	};
	rootObject = D288310B29B225D8007E6D3B /* Project object */;
}
